// !$*UTF8*$!
{
	archiveVersion = 1;
	classes = {
	};
	objectVersion = 46;
	objects = {

/* Begin PBXBuildFile section */
		B8E40D1A1A1D029B00EC8730 /* main.m in Sources */ = {isa = PBXBuildFile; fileRef = B8E40D191A1D029B00EC8730 /* main.m */; };
		B8E40D1D1A1D029B00EC8730 /* AppDelegate.m in Sources */ = {isa = PBXBuildFile; fileRef = B8E40D1C1A1D029B00EC8730 /* AppDelegate.m */; };
		B8E40D231A1D029B00EC8730 /* Main.storyboard in Resources */ = {isa = PBXBuildFile; fileRef = B8E40D211A1D029B00EC8730 /* Main.storyboard */; };
		B8E40D251A1D029B00EC8730 /* Images.xcassets in Resources */ = {isa = PBXBuildFile; fileRef = B8E40D241A1D029B00EC8730 /* Images.xcassets */; };
		B8E40D281A1D029B00EC8730 /* LaunchScreen.xib in Resources */ = {isa = PBXBuildFile; fileRef = B8E40D261A1D029B00EC8730 /* LaunchScreen.xib */; };
		B8E40D341A1D029C00EC8730 /* TopOfiOSTests.m in Sources */ = {isa = PBXBuildFile; fileRef = B8E40D331A1D029C00EC8730 /* TopOfiOSTests.m */; };
		B8E40D3F1A1D02E200EC8730 /* MovingBehavior.m in Sources */ = {isa = PBXBuildFile; fileRef = B8E40D3E1A1D02E200EC8730 /* MovingBehavior.m */; };
		B8E40D431A1D031200EC8730 /* ViewController.m in Sources */ = {isa = PBXBuildFile; fileRef = B8E40D421A1D031200EC8730 /* ViewController.m */; };
/* End PBXBuildFile section */

/* Begin PBXContainerItemProxy section */
		B8E40D2E1A1D029C00EC8730 /* PBXContainerItemProxy */ = {
			isa = PBXContainerItemProxy;
			containerPortal = B8E40D0C1A1D029B00EC8730 /* Project object */;
			proxyType = 1;
			remoteGlobalIDString = B8E40D131A1D029B00EC8730;
			remoteInfo = TopOfiOS;
		};
/* End PBXContainerItemProxy section */

/* Begin PBXFileReference section */
		B8E40D141A1D029B00EC8730 /* TopOfiOS.app */ = {isa = PBXFileReference; explicitFileType = wrapper.application; includeInIndex = 0; path = TopOfiOS.app; sourceTree = BUILT_PRODUCTS_DIR; };
		B8E40D181A1D029B00EC8730 /* Info.plist */ = {isa = PBXFileReference; lastKnownFileType = text.plist.xml; path = Info.plist; sourceTree = "<group>"; };
		B8E40D191A1D029B00EC8730 /* main.m */ = {isa = PBXFileReference; lastKnownFileType = sourcecode.c.objc; path = main.m; sourceTree = "<group>"; };
		B8E40D1B1A1D029B00EC8730 /* AppDelegate.h */ = {isa = PBXFileReference; lastKnownFileType = sourcecode.c.h; name = AppDelegate.h; path = TopOfiOS/AppDelegate.h; sourceTree = "<group>"; };
		B8E40D1C1A1D029B00EC8730 /* AppDelegate.m */ = {isa = PBXFileReference; lastKnownFileType = sourcecode.c.objc; name = AppDelegate.m; path = TopOfiOS/AppDelegate.m; sourceTree = "<group>"; };
		B8E40D221A1D029B00EC8730 /* Base */ = {isa = PBXFileReference; lastKnownFileType = file.storyboard; name = Base; path = Base.lproj/Main.storyboard; sourceTree = "<group>"; };
		B8E40D241A1D029B00EC8730 /* Images.xcassets */ = {isa = PBXFileReference; lastKnownFileType = folder.assetcatalog; path = Images.xcassets; sourceTree = "<group>"; };
		B8E40D271A1D029B00EC8730 /* Base */ = {isa = PBXFileReference; lastKnownFileType = file.xib; name = Base; path = Base.lproj/LaunchScreen.xib; sourceTree = "<group>"; };
		B8E40D2D1A1D029C00EC8730 /* TopOfiOSTests.xctest */ = {isa = PBXFileReference; explicitFileType = wrapper.cfbundle; includeInIndex = 0; path = TopOfiOSTests.xctest; sourceTree = BUILT_PRODUCTS_DIR; };
		B8E40D321A1D029C00EC8730 /* Info.plist */ = {isa = PBXFileReference; lastKnownFileType = text.plist.xml; path = Info.plist; sourceTree = "<group>"; };
		B8E40D331A1D029C00EC8730 /* TopOfiOSTests.m */ = {isa = PBXFileReference; lastKnownFileType = sourcecode.c.objc; path = TopOfiOSTests.m; sourceTree = "<group>"; };
		B8E40D3D1A1D02E200EC8730 /* MovingBehavior.h */ = {isa = PBXFileReference; fileEncoding = 4; lastKnownFileType = sourcecode.c.h; path = MovingBehavior.h; sourceTree = "<group>"; };
		B8E40D3E1A1D02E200EC8730 /* MovingBehavior.m */ = {isa = PBXFileReference; fileEncoding = 4; lastKnownFileType = sourcecode.c.objc; path = MovingBehavior.m; sourceTree = "<group>"; };
		B8E40D411A1D031200EC8730 /* ViewController.h */ = {isa = PBXFileReference; fileEncoding = 4; lastKnownFileType = sourcecode.c.h; path = ViewController.h; sourceTree = "<group>"; };
		B8E40D421A1D031200EC8730 /* ViewController.m */ = {isa = PBXFileReference; fileEncoding = 4; lastKnownFileType = sourcecode.c.objc; path = ViewController.m; sourceTree = "<group>"; };
		E64ABCF71A1D0EF200AC12CA /* TopOfiOS-prefix.pch */ = {isa = PBXFileReference; lastKnownFileType = sourcecode.c.h; path = "TopOfiOS-prefix.pch"; sourceTree = SOURCE_ROOT; };
/* End PBXFileReference section */

/* Begin PBXFrameworksBuildPhase section */
		B8E40D111A1D029B00EC8730 /* Frameworks */ = {
			isa = PBXFrameworksBuildPhase;
			buildActionMask = 2147483647;
			files = (
			);
			runOnlyForDeploymentPostprocessing = 0;
		};
		B8E40D2A1A1D029C00EC8730 /* Frameworks */ = {
			isa = PBXFrameworksBuildPhase;
			buildActionMask = 2147483647;
			files = (
			);
			runOnlyForDeploymentPostprocessing = 0;
		};
/* End PBXFrameworksBuildPhase section */

/* Begin PBXGroup section */
		B8E40D0B1A1D029B00EC8730 = {
			isa = PBXGroup;
			children = (
				B8E40D1B1A1D029B00EC8730 /* AppDelegate.h */,
				B8E40D1C1A1D029B00EC8730 /* AppDelegate.m */,
				B8E40D161A1D029B00EC8730 /* TopOfiOS */,
				B8E40D301A1D029C00EC8730 /* TopOfiOSTests */,
				B8E40D151A1D029B00EC8730 /* Products */,
			);
			sourceTree = "<group>";
		};
		B8E40D151A1D029B00EC8730 /* Products */ = {
			isa = PBXGroup;
			children = (
				B8E40D141A1D029B00EC8730 /* TopOfiOS.app */,
				B8E40D2D1A1D029C00EC8730 /* TopOfiOSTests.xctest */,
			);
			name = Products;
			sourceTree = "<group>";
		};
		B8E40D161A1D029B00EC8730 /* TopOfiOS */ = {
			isa = PBXGroup;
			children = (
				B8E40D401A1D02E700EC8730 /* Behaviors */,
				B8E40D411A1D031200EC8730 /* ViewController.h */,
				B8E40D421A1D031200EC8730 /* ViewController.m */,
				B8E40D211A1D029B00EC8730 /* Main.storyboard */,
				B8E40D241A1D029B00EC8730 /* Images.xcassets */,
				B8E40D261A1D029B00EC8730 /* LaunchScreen.xib */,
				B8E40D171A1D029B00EC8730 /* Supporting Files */,
			);
			path = TopOfiOS;
			sourceTree = "<group>";
		};
		B8E40D171A1D029B00EC8730 /* Supporting Files */ = {
			isa = PBXGroup;
			children = (
				E64ABCF71A1D0EF200AC12CA /* TopOfiOS-prefix.pch */,
				B8E40D181A1D029B00EC8730 /* Info.plist */,
				B8E40D191A1D029B00EC8730 /* main.m */,
			);
			name = "Supporting Files";
			sourceTree = "<group>";
		};
		B8E40D301A1D029C00EC8730 /* TopOfiOSTests */ = {
			isa = PBXGroup;
			children = (
				B8E40D331A1D029C00EC8730 /* TopOfiOSTests.m */,
				B8E40D311A1D029C00EC8730 /* Supporting Files */,
			);
			path = TopOfiOSTests;
			sourceTree = "<group>";
		};
		B8E40D311A1D029C00EC8730 /* Supporting Files */ = {
			isa = PBXGroup;
			children = (
				B8E40D321A1D029C00EC8730 /* Info.plist */,
			);
			name = "Supporting Files";
			sourceTree = "<group>";
		};
		B8E40D401A1D02E700EC8730 /* Behaviors */ = {
			isa = PBXGroup;
			children = (
				B8E40D3D1A1D02E200EC8730 /* MovingBehavior.h */,
				B8E40D3E1A1D02E200EC8730 /* MovingBehavior.m */,
			);
			name = Behaviors;
			sourceTree = "<group>";
		};
/* End PBXGroup section */

/* Begin PBXNativeTarget section */
		B8E40D131A1D029B00EC8730 /* TopOfiOS */ = {
			isa = PBXNativeTarget;
			buildConfigurationList = B8E40D371A1D029C00EC8730 /* Build configuration list for PBXNativeTarget "TopOfiOS" */;
			buildPhases = (
				B8E40D101A1D029B00EC8730 /* Sources */,
				B8E40D111A1D029B00EC8730 /* Frameworks */,
				B8E40D121A1D029B00EC8730 /* Resources */,
			);
			buildRules = (
			);
			dependencies = (
			);
			name = TopOfiOS;
			productName = TopOfiOS;
			productReference = B8E40D141A1D029B00EC8730 /* TopOfiOS.app */;
			productType = "com.apple.product-type.application";
		};
		B8E40D2C1A1D029C00EC8730 /* TopOfiOSTests */ = {
			isa = PBXNativeTarget;
			buildConfigurationList = B8E40D3A1A1D029C00EC8730 /* Build configuration list for PBXNativeTarget "TopOfiOSTests" */;
			buildPhases = (
				B8E40D291A1D029C00EC8730 /* Sources */,
				B8E40D2A1A1D029C00EC8730 /* Frameworks */,
				B8E40D2B1A1D029C00EC8730 /* Resources */,
			);
			buildRules = (
			);
			dependencies = (
				B8E40D2F1A1D029C00EC8730 /* PBXTargetDependency */,
			);
			name = TopOfiOSTests;
			productName = TopOfiOSTests;
			productReference = B8E40D2D1A1D029C00EC8730 /* TopOfiOSTests.xctest */;
			productType = "com.apple.product-type.bundle.unit-test";
		};
/* End PBXNativeTarget section */

/* Begin PBXProject section */
		B8E40D0C1A1D029B00EC8730 /* Project object */ = {
			isa = PBXProject;
			attributes = {
				LastUpgradeCheck = 0610;
				ORGANIZATIONNAME = "Hao Zheng";
				TargetAttributes = {
					B8E40D131A1D029B00EC8730 = {
						CreatedOnToolsVersion = 6.1;
					};
					B8E40D2C1A1D029C00EC8730 = {
						CreatedOnToolsVersion = 6.1;
						TestTargetID = B8E40D131A1D029B00EC8730;
					};
				};
			};
			buildConfigurationList = B8E40D0F1A1D029B00EC8730 /* Build configuration list for PBXProject "TopOfiOS" */;
			compatibilityVersion = "Xcode 3.2";
			developmentRegion = English;
			hasScannedForEncodings = 0;
			knownRegions = (
				en,
				Base,
			);
			mainGroup = B8E40D0B1A1D029B00EC8730;
			productRefGroup = B8E40D151A1D029B00EC8730 /* Products */;
			projectDirPath = "";
			projectRoot = "";
			targets = (
				B8E40D131A1D029B00EC8730 /* TopOfiOS */,
				B8E40D2C1A1D029C00EC8730 /* TopOfiOSTests */,
			);
		};
/* End PBXProject section */

/* Begin PBXResourcesBuildPhase section */
		B8E40D121A1D029B00EC8730 /* Resources */ = {
			isa = PBXResourcesBuildPhase;
			buildActionMask = 2147483647;
			files = (
				B8E40D231A1D029B00EC8730 /* Main.storyboard in Resources */,
				B8E40D281A1D029B00EC8730 /* LaunchScreen.xib in Resources */,
				B8E40D251A1D029B00EC8730 /* Images.xcassets in Resources */,
			);
			runOnlyForDeploymentPostprocessing = 0;
		};
		B8E40D2B1A1D029C00EC8730 /* Resources */ = {
			isa = PBXResourcesBuildPhase;
			buildActionMask = 2147483647;
			files = (
			);
			runOnlyForDeploymentPostprocessing = 0;
		};
/* End PBXResourcesBuildPhase section */

/* Begin PBXSourcesBuildPhase section */
		B8E40D101A1D029B00EC8730 /* Sources */ = {
			isa = PBXSourcesBuildPhase;
			buildActionMask = 2147483647;
			files = (
				B8E40D1D1A1D029B00EC8730 /* AppDelegate.m in Sources */,
				B8E40D1A1A1D029B00EC8730 /* main.m in Sources */,
				B8E40D431A1D031200EC8730 /* ViewController.m in Sources */,
				B8E40D3F1A1D02E200EC8730 /* MovingBehavior.m in Sources */,
			);
			runOnlyForDeploymentPostprocessing = 0;
		};
		B8E40D291A1D029C00EC8730 /* Sources */ = {
			isa = PBXSourcesBuildPhase;
			buildActionMask = 2147483647;
			files = (
				B8E40D341A1D029C00EC8730 /* TopOfiOSTests.m in Sources */,
			);
			runOnlyForDeploymentPostprocessing = 0;
		};
/* End PBXSourcesBuildPhase section */

/* Begin PBXTargetDependency section */
		B8E40D2F1A1D029C00EC8730 /* PBXTargetDependency */ = {
			isa = PBXTargetDependency;
			target = B8E40D131A1D029B00EC8730 /* TopOfiOS */;
			targetProxy = B8E40D2E1A1D029C00EC8730 /* PBXContainerItemProxy */;
		};
/* End PBXTargetDependency section */

/* Begin PBXVariantGroup section */
		B8E40D211A1D029B00EC8730 /* Main.storyboard */ = {
			isa = PBXVariantGroup;
			children = (
				B8E40D221A1D029B00EC8730 /* Base */,
			);
			name = Main.storyboard;
			sourceTree = "<group>";
		};
		B8E40D261A1D029B00EC8730 /* LaunchScreen.xib */ = {
			isa = PBXVariantGroup;
			children = (
				B8E40D271A1D029B00EC8730 /* Base */,
			);
			name = LaunchScreen.xib;
			sourceTree = "<group>";
		};
/* End PBXVariantGroup section */

/* Begin XCBuildConfiguration section */
		B8E40D351A1D029C00EC8730 /* Debug */ = {
			isa = XCBuildConfiguration;
			buildSettings = {
				ALWAYS_SEARCH_USER_PATHS = NO;
				CLANG_CXX_LANGUAGE_STANDARD = "gnu++0x";
				CLANG_CXX_LIBRARY = "libc++";
				CLANG_ENABLE_MODULES = YES;
				CLANG_ENABLE_OBJC_ARC = YES;
				CLANG_WARN_BOOL_CONVERSION = YES;
				CLANG_WARN_CONSTANT_CONVERSION = YES;
				CLANG_WARN_DIRECT_OBJC_ISA_USAGE = YES_ERROR;
				CLANG_WARN_EMPTY_BODY = YES;
				CLANG_WARN_ENUM_CONVERSION = YES;
				CLANG_WARN_INT_CONVERSION = YES;
				CLANG_WARN_OBJC_ROOT_CLASS = YES_ERROR;
				CLANG_WARN_UNREACHABLE_CODE = YES;
				CLANG_WARN__DUPLICATE_METHOD_MATCH = YES;
				"CODE_SIGN_IDENTITY[sdk=iphoneos*]" = "iPhone Developer";
				COPY_PHASE_STRIP = NO;
				ENABLE_STRICT_OBJC_MSGSEND = YES;
				GCC_C_LANGUAGE_STANDARD = gnu99;
				GCC_DYNAMIC_NO_PIC = NO;
				GCC_OPTIMIZATION_LEVEL = 0;
				GCC_PREPROCESSOR_DEFINITIONS = (
					"DEBUG=1",
					"$(inherited)",
				);
				GCC_SYMBOLS_PRIVATE_EXTERN = NO;
				GCC_WARN_64_TO_32_BIT_CONVERSION = YES;
				GCC_WARN_ABOUT_RETURN_TYPE = YES_ERROR;
				GCC_WARN_UNDECLARED_SELECTOR = YES;
				GCC_WARN_UNINITIALIZED_AUTOS = YES_AGGRESSIVE;
				GCC_WARN_UNUSED_FUNCTION = YES;
				GCC_WARN_UNUSED_VARIABLE = YES;
				IPHONEOS_DEPLOYMENT_TARGET = 8.1;
				MTL_ENABLE_DEBUG_INFO = YES;
				ONLY_ACTIVE_ARCH = YES;
				SDKROOT = iphoneos;
				TARGETED_DEVICE_FAMILY = "1,2";
			};
			name = Debug;
		};
		B8E40D361A1D029C00EC8730 /* Release */ = {
			isa = XCBuildConfiguration;
			buildSettings = {
				ALWAYS_SEARCH_USER_PATHS = NO;
				CLANG_CXX_LANGUAGE_STANDARD = "gnu++0x";
				CLANG_CXX_LIBRARY = "libc++";
				CLANG_ENABLE_MODULES = YES;
				CLANG_ENABLE_OBJC_ARC = YES;
				CLANG_WARN_BOOL_CONVERSION = YES;
				CLANG_WARN_CONSTANT_CONVERSION = YES;
				CLANG_WARN_DIRECT_OBJC_ISA_USAGE = YES_ERROR;
				CLANG_WARN_EMPTY_BODY = YES;
				CLANG_WARN_ENUM_CONVERSION = YES;
				CLANG_WARN_INT_CONVERSION = YES;
				CLANG_WARN_OBJC_ROOT_CLASS = YES_ERROR;
				CLANG_WARN_UNREACHABLE_CODE = YES;
				CLANG_WARN__DUPLICATE_METHOD_MATCH = YES;
				"CODE_SIGN_IDENTITY[sdk=iphoneos*]" = "iPhone Developer";
				COPY_PHASE_STRIP = YES;
				ENABLE_NS_ASSERTIONS = NO;
				ENABLE_STRICT_OBJC_MSGSEND = YES;
				GCC_C_LANGUAGE_STANDARD = gnu99;
				GCC_WARN_64_TO_32_BIT_CONVERSION = YES;
				GCC_WARN_ABOUT_RETURN_TYPE = YES_ERROR;
				GCC_WARN_UNDECLARED_SELECTOR = YES;
				GCC_WARN_UNINITIALIZED_AUTOS = YES_AGGRESSIVE;
				GCC_WARN_UNUSED_FUNCTION = YES;
				GCC_WARN_UNUSED_VARIABLE = YES;
				IPHONEOS_DEPLOYMENT_TARGET = 8.1;
				MTL_ENABLE_DEBUG_INFO = NO;
				SDKROOT = iphoneos;
				TARGETED_DEVICE_FAMILY = "1,2";
				VALIDATE_PRODUCT = YES;
			};
			name = Release;
		};
		B8E40D381A1D029C00EC8730 /* Debug */ = {
			isa = XCBuildConfiguration;
			buildSettings = {
				ASSETCATALOG_COMPILER_APPICON_NAME = AppIcon;
				GCC_PRECOMPILE_PREFIX_HEADER = YES;
				GCC_PREFIX_HEADER = "TopOfiOS-prefix.pch";
				INFOPLIST_FILE = TopOfiOS/Info.plist;
				LD_RUNPATH_SEARCH_PATHS = "$(inherited) @executable_path/Frameworks";
				PRODUCT_NAME = "$(TARGET_NAME)";
			};
			name = Debug;
		};
		B8E40D391A1D029C00EC8730 /* Release */ = {
			isa = XCBuildConfiguration;
			buildSettings = {
				ASSETCATALOG_COMPILER_APPICON_NAME = AppIcon;
				GCC_PRECOMPILE_PREFIX_HEADER = YES;
				GCC_PREFIX_HEADER = "TopOfiOS-prefix.pch";
				INFOPLIST_FILE = TopOfiOS/Info.plist;
				LD_RUNPATH_SEARCH_PATHS = "$(inherited) @executable_path/Frameworks";
				PRODUCT_NAME = "$(TARGET_NAME)";
			};
			name = Release;
		};
		B8E40D3B1A1D029C00EC8730 /* Debug */ = {
			isa = XCBuildConfiguration;
			buildSettings = {
				BUNDLE_LOADER = "$(TEST_HOST)";
				FRAMEWORK_SEARCH_PATHS = (
					"$(SDKROOT)/Developer/Library/Frameworks",
					"$(inherited)",
				);
				GCC_PREPROCESSOR_DEFINITIONS = (
					"DEBUG=1",
					"$(inherited)",
				);
				INFOPLIST_FILE = TopOfiOSTests/Info.plist;
				LD_RUNPATH_SEARCH_PATHS = "$(inherited) @executable_path/Frameworks @loader_path/Frameworks";
				PRODUCT_NAME = "$(TARGET_NAME)";
				TEST_HOST = "$(BUILT_PRODUCTS_DIR)/TopOfiOS.app/TopOfiOS";
			};
			name = Debug;
		};
		B8E40D3C1A1D029C00EC8730 /* Release */ = {
			isa = XCBuildConfiguration;
			buildSettings = {
				BUNDLE_LOADER = "$(TEST_HOST)";
				FRAMEWORK_SEARCH_PATHS = (
					"$(SDKROOT)/Developer/Library/Frameworks",
					"$(inherited)",
				);
				INFOPLIST_FILE = TopOfiOSTests/Info.plist;
				LD_RUNPATH_SEARCH_PATHS = "$(inherited) @executable_path/Frameworks @loader_path/Frameworks";
				PRODUCT_NAME = "$(TARGET_NAME)";
				TEST_HOST = "$(BUILT_PRODUCTS_DIR)/TopOfiOS.app/TopOfiOS";
			};
			name = Release;
		};
/* End XCBuildConfiguration section */

/* Begin XCConfigurationList section */
		B8E40D0F1A1D029B00EC8730 /* Build configuration list for PBXProject "TopOfiOS" */ = {
			isa = XCConfigurationList;
			buildConfigurations = (
				B8E40D351A1D029C00EC8730 /* Debug */,
				B8E40D361A1D029C00EC8730 /* Release */,
			);
			defaultConfigurationIsVisible = 0;
			defaultConfigurationName = Release;
		};
		B8E40D371A1D029C00EC8730 /* Build configuration list for PBXNativeTarget "TopOfiOS" */ = {
			isa = XCConfigurationList;
			buildConfigurations = (
				B8E40D381A1D029C00EC8730 /* Debug */,
				B8E40D391A1D029C00EC8730 /* Release */,
			);
			defaultConfigurationIsVisible = 0;
			defaultConfigurationName = Release;
		};
		B8E40D3A1A1D029C00EC8730 /* Build configuration list for PBXNativeTarget "TopOfiOSTests" */ = {
			isa = XCConfigurationList;
			buildConfigurations = (
				B8E40D3B1A1D029C00EC8730 /* Debug */,
				B8E40D3C1A1D029C00EC8730 /* Release */,
			);
			defaultConfigurationIsVisible = 0;
			defaultConfigurationName = Release;
		};
/* End XCConfigurationList section */
	};
	rootObject = B8E40D0C1A1D029B00EC8730 /* Project object */;
}
